{
  "name": "workspace1",
  "version": "1.0.0",
  "lockfileVersion": 2,
  "requires": true,
  "packages": {
    "": {
      "name": "workspace1",
      "version": "1.0.0",
      "workspaces": [
        "util"
      ],
      "dependencies": {
        "util": "*"
      }
    },
    "node_modules/util": {
      "resolved": "util",
      "link": true
    },
    "util": {
      "version": "1.0.0"
    }
  },
  "dependencies": {
    "util": {
      "version": "file:util"
    }
  }
}
